
Microsoft Visual Studio Solution File, Format Version 12.00
# Visual Studio Version 16
VisualStudioVersion = 16.0.34601.136
MinimumVisualStudioVersion = 10.0.40219.1
Project("{FAE04EC0-301F-11D3-BF4B-00C04F79EFBC}") = "lab6.3", "lab6.3\lab6.3.csproj", "{4FBBD6B5-EA80-4434-99BB-595A29EC986C}"
EndProject
Global
	GlobalSection(SolutionConfigurationPlatforms) = preSolution
		Debug|Any CPU = Debug|Any CPU
		Release|Any CPU = Release|Any CPU
	EndGlobalSection
	GlobalSection(ProjectConfigurationPlatforms) = postSolution
		{4FBBD6B5-EA80-4434-99BB-595A29EC986C}.Debug|Any CPU.ActiveCfg = Debug|Any CPU
		{4FBBD6B5-EA80-4434-99BB-595A29EC986C}.Debug|Any CPU.Build.0 = Debug|Any CPU
		{4FBBD6B5-EA80-4434-99BB-595A29EC986C}.Release|Any CPU.ActiveCfg = Release|Any CPU
		{4FBBD6B5-EA80-4434-99BB-595A29EC986C}.Release|Any CPU.Build.0 = Release|Any CPU
	EndGlobalSection
	GlobalSection(SolutionProperties) = preSolution
		HideSolutionNode = FALSE
	EndGlobalSection
	GlobalSection(ExtensibilityGlobals) = postSolution
		SolutionGuid = {03485244-85D3-47C9-9DC9-238039C592E7}
	EndGlobalSection
EndGlobal
